
Microsoft Visual Studio Solution File, Format Version 12.00
# Visual Studio 15
VisualStudioVersion = 15.0.26730.15
MinimumVisualStudioVersion = 10.0.40219.1
Project("{FAE04EC0-301F-11D3-BF4B-00C04F79EFBC}") = "Web-Push", "Web-Push\Web-Push.csproj", "{99C5F4CA-8FE5-40B4-A679-12295A801AC7}"
EndProject
Global
	GlobalSection(SolutionConfigurationPlatforms) = preSolution
		Debug|Any CPU = Debug|Any CPU
		Release|Any CPU = Release|Any CPU
	EndGlobalSection
	GlobalSection(ProjectConfigurationPlatforms) = postSolution
		{99C5F4CA-8FE5-40B4-A679-12295A801AC7}.Debug|Any CPU.ActiveCfg = Debug|Any CPU
		{99C5F4CA-8FE5-40B4-A679-12295A801AC7}.Debug|Any CPU.Build.0 = Debug|Any CPU
		{99C5F4CA-8FE5-40B4-A679-12295A801AC7}.Release|Any CPU.ActiveCfg = Release|Any CPU
		{99C5F4CA-8FE5-40B4-A679-12295A801AC7}.Release|Any CPU.Build.0 = Release|Any CPU
	EndGlobalSection
	GlobalSection(SolutionProperties) = preSolution
		HideSolutionNode = FALSE
	EndGlobalSection
	GlobalSection(ExtensibilityGlobals) = postSolution
		SolutionGuid = {2AFA8B7D-E180-42C0-9473-EA34D27356F8}
	EndGlobalSection
	GlobalSection(TeamFoundationVersionControl) = preSolution
		SccNumberOfProjects = 2
		SccEnterpriseProvider = {4CA58AB2-18FA-4F8D-95D4-32DDF27D184C}
		SccTeamFoundationServer = http://tfs:8080/tfs/sistemasweb
		SccLocalPath0 = .
		SccProjectUniqueName1 = Web-Push\\Web-Push.csproj
		SccProjectName1 = Web-Push
		SccLocalPath1 = Web-Push
	EndGlobalSection
EndGlobal
